
Microsoft Visual Studio Solution File, Format Version 12.00
# Visual Studio Version 17
VisualStudioVersion = 17.13.35931.197
MinimumVisualStudioVersion = 10.0.40219.1
Project("{8BC9CEB8-8B4A-11D0-8D11-00A0C91BC942}") = "HelloWorld", "HelloWorld\HelloWorld.vcxproj", "{AEE46217-EC87-49D6-93B9-0A7EE436571D}"
EndProject
Project("{8BC9CEB8-8B4A-11D0-8D11-00A0C91BC942}") = "Main", "Main\Main.vcxproj", "{83912BCA-8DAA-4CCA-AD5C-84D62247D4F7}"
EndProject
Project("{8BC9CEB8-8B4A-11D0-8D11-00A0C91BC942}") = "DataTypes", "DataTypes\DataTypes.vcxproj", "{F74AEE47-C109-4543-AB04-56A7F9551A22}"
EndProject
Project("{8BC9CEB8-8B4A-11D0-8D11-00A0C91BC942}") = "UserDataTypes", "UserDataTypes\UserDataTypes.vcxproj", "{A810970E-34A4-46FE-AE32-A5F0B7703ABF}"
EndProject
Project("{8BC9CEB8-8B4A-11D0-8D11-00A0C91BC942}") = "NumberGuessingGame", "NumberGuessingGame\NumberGuessingGame.vcxproj", "{A44B1F70-1A56-49A4-8C33-42C27B52D25D}"
EndProject
Project("{8BC9CEB8-8B4A-11D0-8D11-00A0C91BC942}") = "MemoryNotes", "Memory\Memory.vcxproj", "{A31C55D8-9C39-47F5-8B1D-AA24CBA8B546}"
EndProject
Project("{8BC9CEB8-8B4A-11D0-8D11-00A0C91BC942}") = "Container", "Container\Container.vcxproj", "{7E92FBB5-7BF9-4140-9B25-F009100514FB}"
EndProject
Project("{8BC9CEB8-8B4A-11D0-8D11-00A0C91BC942}") = "MemoryReview", "MemoryReview\MemoryReview.vcxproj", "{79577D00-106B-4FAD-B734-E0ADF38FBCA8}"
EndProject
Project("{8BC9CEB8-8B4A-11D0-8D11-00A0C91BC942}") = "Containers", "containers\containers.vcxproj", "{A1AD6B4B-4BC9-412C-A5BF-A3C9445F8137}"
EndProject
Project("{8BC9CEB8-8B4A-11D0-8D11-00A0C91BC942}") = "OOP", "OOP\OOP.vcxproj", "{3702D079-8626-4066-9054-6B5D6B8E146A}"
EndProject
Project("{8BC9CEB8-8B4A-11D0-8D11-00A0C91BC942}") = "Database", "Database\Database.vcxproj", "{CE9FBF75-822A-4FDA-B216-C2BEA1FE98CF}"
EndProject
Project("{8BC9CEB8-8B4A-11D0-8D11-00A0C91BC942}") = "Overloading", "Overloading\Overloading.vcxproj", "{08CD5113-6B03-479A-9649-CF5EE7681C2B}"
EndProject
Project("{8BC9CEB8-8B4A-11D0-8D11-00A0C91BC942}") = "Streams", "Streams\Streams.vcxproj", "{7632B000-24FA-425F-A58E-A6249D71BAD4}"
EndProject
Project("{8BC9CEB8-8B4A-11D0-8D11-00A0C91BC942}") = "Fail!_Assignment", "Fail!_Assignment\Fail!_Assignment.vcxproj", "{59990FF9-A4ED-4C54-95CB-8A2B8DBA466B}"
EndProject
Project("{8BC9CEB8-8B4A-11D0-8D11-00A0C91BC942}") = "Fractions", "Fractions\Fractions.vcxproj", "{0E826F14-B120-497B-B5E6-22D5112EBA91}"
EndProject
Project("{8BC9CEB8-8B4A-11D0-8D11-00A0C91BC942}") = "Template", "Template\Template.vcxproj", "{7E390967-D674-46D0-9165-579E78DC7CDA}"
EndProject
Project("{8BC9CEB8-8B4A-11D0-8D11-00A0C91BC942}") = "Pointers", "Pointers\Pointers.vcxproj", "{244F08B1-CE10-4040-B3B4-AAB7C30B241F}"
EndProject
Project("{8BC9CEB8-8B4A-11D0-8D11-00A0C91BC942}") = "FlashcardStudyApp_Final", "FlashcardStudyApp_Final\FlashcardStudyApp_Final.vcxproj", "{E7A08BE3-F223-49E4-96FB-1C2D89F4E841}"
EndProject
Global
	GlobalSection(SolutionConfigurationPlatforms) = preSolution
		Debug|x64 = Debug|x64
		Debug|x86 = Debug|x86
		Release|x64 = Release|x64
		Release|x86 = Release|x86
	EndGlobalSection
	GlobalSection(ProjectConfigurationPlatforms) = postSolution
		{AEE46217-EC87-49D6-93B9-0A7EE436571D}.Debug|x64.ActiveCfg = Debug|x64
		{AEE46217-EC87-49D6-93B9-0A7EE436571D}.Debug|x64.Build.0 = Debug|x64
		{AEE46217-EC87-49D6-93B9-0A7EE436571D}.Debug|x86.ActiveCfg = Debug|Win32
		{AEE46217-EC87-49D6-93B9-0A7EE436571D}.Debug|x86.Build.0 = Debug|Win32
		{AEE46217-EC87-49D6-93B9-0A7EE436571D}.Release|x64.ActiveCfg = Release|x64
		{AEE46217-EC87-49D6-93B9-0A7EE436571D}.Release|x64.Build.0 = Release|x64
		{AEE46217-EC87-49D6-93B9-0A7EE436571D}.Release|x86.ActiveCfg = Release|Win32
		{AEE46217-EC87-49D6-93B9-0A7EE436571D}.Release|x86.Build.0 = Release|Win32
		{83912BCA-8DAA-4CCA-AD5C-84D62247D4F7}.Debug|x64.ActiveCfg = Debug|x64
		{83912BCA-8DAA-4CCA-AD5C-84D62247D4F7}.Debug|x64.Build.0 = Debug|x64
		{83912BCA-8DAA-4CCA-AD5C-84D62247D4F7}.Debug|x86.ActiveCfg = Debug|Win32
		{83912BCA-8DAA-4CCA-AD5C-84D62247D4F7}.Debug|x86.Build.0 = Debug|Win32
		{83912BCA-8DAA-4CCA-AD5C-84D62247D4F7}.Release|x64.ActiveCfg = Release|x64
		{83912BCA-8DAA-4CCA-AD5C-84D62247D4F7}.Release|x64.Build.0 = Release|x64
		{83912BCA-8DAA-4CCA-AD5C-84D62247D4F7}.Release|x86.ActiveCfg = Release|Win32
		{83912BCA-8DAA-4CCA-AD5C-84D62247D4F7}.Release|x86.Build.0 = Release|Win32
		{F74AEE47-C109-4543-AB04-56A7F9551A22}.Debug|x64.ActiveCfg = Debug|x64
		{F74AEE47-C109-4543-AB04-56A7F9551A22}.Debug|x64.Build.0 = Debug|x64
		{F74AEE47-C109-4543-AB04-56A7F9551A22}.Debug|x86.ActiveCfg = Debug|Win32
		{F74AEE47-C109-4543-AB04-56A7F9551A22}.Debug|x86.Build.0 = Debug|Win32
		{F74AEE47-C109-4543-AB04-56A7F9551A22}.Release|x64.ActiveCfg = Release|x64
		{F74AEE47-C109-4543-AB04-56A7F9551A22}.Release|x64.Build.0 = Release|x64
		{F74AEE47-C109-4543-AB04-56A7F9551A22}.Release|x86.ActiveCfg = Release|Win32
		{F74AEE47-C109-4543-AB04-56A7F9551A22}.Release|x86.Build.0 = Release|Win32
		{A810970E-34A4-46FE-AE32-A5F0B7703ABF}.Debug|x64.ActiveCfg = Debug|x64
		{A810970E-34A4-46FE-AE32-A5F0B7703ABF}.Debug|x64.Build.0 = Debug|x64
		{A810970E-34A4-46FE-AE32-A5F0B7703ABF}.Debug|x86.ActiveCfg = Debug|Win32
		{A810970E-34A4-46FE-AE32-A5F0B7703ABF}.Debug|x86.Build.0 = Debug|Win32
		{A810970E-34A4-46FE-AE32-A5F0B7703ABF}.Release|x64.ActiveCfg = Release|x64
		{A810970E-34A4-46FE-AE32-A5F0B7703ABF}.Release|x64.Build.0 = Release|x64
		{A810970E-34A4-46FE-AE32-A5F0B7703ABF}.Release|x86.ActiveCfg = Release|Win32
		{A810970E-34A4-46FE-AE32-A5F0B7703ABF}.Release|x86.Build.0 = Release|Win32
		{A44B1F70-1A56-49A4-8C33-42C27B52D25D}.Debug|x64.ActiveCfg = Debug|x64
		{A44B1F70-1A56-49A4-8C33-42C27B52D25D}.Debug|x64.Build.0 = Debug|x64
		{A44B1F70-1A56-49A4-8C33-42C27B52D25D}.Debug|x86.ActiveCfg = Debug|Win32
		{A44B1F70-1A56-49A4-8C33-42C27B52D25D}.Debug|x86.Build.0 = Debug|Win32
		{A44B1F70-1A56-49A4-8C33-42C27B52D25D}.Release|x64.ActiveCfg = Release|x64
		{A44B1F70-1A56-49A4-8C33-42C27B52D25D}.Release|x64.Build.0 = Release|x64
		{A44B1F70-1A56-49A4-8C33-42C27B52D25D}.Release|x86.ActiveCfg = Release|Win32
		{A44B1F70-1A56-49A4-8C33-42C27B52D25D}.Release|x86.Build.0 = Release|Win32
		{A31C55D8-9C39-47F5-8B1D-AA24CBA8B546}.Debug|x64.ActiveCfg = Debug|x64
		{A31C55D8-9C39-47F5-8B1D-AA24CBA8B546}.Debug|x64.Build.0 = Debug|x64
		{A31C55D8-9C39-47F5-8B1D-AA24CBA8B546}.Debug|x86.ActiveCfg = Debug|Win32
		{A31C55D8-9C39-47F5-8B1D-AA24CBA8B546}.Debug|x86.Build.0 = Debug|Win32
		{A31C55D8-9C39-47F5-8B1D-AA24CBA8B546}.Release|x64.ActiveCfg = Release|x64
		{A31C55D8-9C39-47F5-8B1D-AA24CBA8B546}.Release|x64.Build.0 = Release|x64
		{A31C55D8-9C39-47F5-8B1D-AA24CBA8B546}.Release|x86.ActiveCfg = Release|Win32
		{A31C55D8-9C39-47F5-8B1D-AA24CBA8B546}.Release|x86.Build.0 = Release|Win32
		{7E92FBB5-7BF9-4140-9B25-F009100514FB}.Debug|x64.ActiveCfg = Debug|x64
		{7E92FBB5-7BF9-4140-9B25-F009100514FB}.Debug|x64.Build.0 = Debug|x64
		{7E92FBB5-7BF9-4140-9B25-F009100514FB}.Debug|x86.ActiveCfg = Debug|Win32
		{7E92FBB5-7BF9-4140-9B25-F009100514FB}.Debug|x86.Build.0 = Debug|Win32
		{7E92FBB5-7BF9-4140-9B25-F009100514FB}.Release|x64.ActiveCfg = Release|x64
		{7E92FBB5-7BF9-4140-9B25-F009100514FB}.Release|x64.Build.0 = Release|x64
		{7E92FBB5-7BF9-4140-9B25-F009100514FB}.Release|x86.ActiveCfg = Release|Win32
		{7E92FBB5-7BF9-4140-9B25-F009100514FB}.Release|x86.Build.0 = Release|Win32
		{79577D00-106B-4FAD-B734-E0ADF38FBCA8}.Debug|x64.ActiveCfg = Debug|x64
		{79577D00-106B-4FAD-B734-E0ADF38FBCA8}.Debug|x64.Build.0 = Debug|x64
		{79577D00-106B-4FAD-B734-E0ADF38FBCA8}.Debug|x86.ActiveCfg = Debug|Win32
		{79577D00-106B-4FAD-B734-E0ADF38FBCA8}.Debug|x86.Build.0 = Debug|Win32
		{79577D00-106B-4FAD-B734-E0ADF38FBCA8}.Release|x64.ActiveCfg = Release|x64
		{79577D00-106B-4FAD-B734-E0ADF38FBCA8}.Release|x64.Build.0 = Release|x64
		{79577D00-106B-4FAD-B734-E0ADF38FBCA8}.Release|x86.ActiveCfg = Release|Win32
		{79577D00-106B-4FAD-B734-E0ADF38FBCA8}.Release|x86.Build.0 = Release|Win32
		{A1AD6B4B-4BC9-412C-A5BF-A3C9445F8137}.Debug|x64.ActiveCfg = Debug|x64
		{A1AD6B4B-4BC9-412C-A5BF-A3C9445F8137}.Debug|x64.Build.0 = Debug|x64
		{A1AD6B4B-4BC9-412C-A5BF-A3C9445F8137}.Debug|x86.ActiveCfg = Debug|Win32
		{A1AD6B4B-4BC9-412C-A5BF-A3C9445F8137}.Debug|x86.Build.0 = Debug|Win32
		{A1AD6B4B-4BC9-412C-A5BF-A3C9445F8137}.Release|x64.ActiveCfg = Release|x64
		{A1AD6B4B-4BC9-412C-A5BF-A3C9445F8137}.Release|x64.Build.0 = Release|x64
		{A1AD6B4B-4BC9-412C-A5BF-A3C9445F8137}.Release|x86.ActiveCfg = Release|Win32
		{A1AD6B4B-4BC9-412C-A5BF-A3C9445F8137}.Release|x86.Build.0 = Release|Win32
		{3702D079-8626-4066-9054-6B5D6B8E146A}.Debug|x64.ActiveCfg = Debug|x64
		{3702D079-8626-4066-9054-6B5D6B8E146A}.Debug|x64.Build.0 = Debug|x64
		{3702D079-8626-4066-9054-6B5D6B8E146A}.Debug|x86.ActiveCfg = Debug|Win32
		{3702D079-8626-4066-9054-6B5D6B8E146A}.Debug|x86.Build.0 = Debug|Win32
		{3702D079-8626-4066-9054-6B5D6B8E146A}.Release|x64.ActiveCfg = Release|x64
		{3702D079-8626-4066-9054-6B5D6B8E146A}.Release|x64.Build.0 = Release|x64
		{3702D079-8626-4066-9054-6B5D6B8E146A}.Release|x86.ActiveCfg = Release|Win32
		{3702D079-8626-4066-9054-6B5D6B8E146A}.Release|x86.Build.0 = Release|Win32
		{CE9FBF75-822A-4FDA-B216-C2BEA1FE98CF}.Debug|x64.ActiveCfg = Debug|x64
		{CE9FBF75-822A-4FDA-B216-C2BEA1FE98CF}.Debug|x64.Build.0 = Debug|x64
		{CE9FBF75-822A-4FDA-B216-C2BEA1FE98CF}.Debug|x86.ActiveCfg = Debug|Win32
		{CE9FBF75-822A-4FDA-B216-C2BEA1FE98CF}.Debug|x86.Build.0 = Debug|Win32
		{CE9FBF75-822A-4FDA-B216-C2BEA1FE98CF}.Release|x64.ActiveCfg = Release|x64
		{CE9FBF75-822A-4FDA-B216-C2BEA1FE98CF}.Release|x64.Build.0 = Release|x64
		{CE9FBF75-822A-4FDA-B216-C2BEA1FE98CF}.Release|x86.ActiveCfg = Release|Win32
		{CE9FBF75-822A-4FDA-B216-C2BEA1FE98CF}.Release|x86.Build.0 = Release|Win32
		{08CD5113-6B03-479A-9649-CF5EE7681C2B}.Debug|x64.ActiveCfg = Debug|x64
		{08CD5113-6B03-479A-9649-CF5EE7681C2B}.Debug|x64.Build.0 = Debug|x64
		{08CD5113-6B03-479A-9649-CF5EE7681C2B}.Debug|x86.ActiveCfg = Debug|Win32
		{08CD5113-6B03-479A-9649-CF5EE7681C2B}.Debug|x86.Build.0 = Debug|Win32
		{08CD5113-6B03-479A-9649-CF5EE7681C2B}.Release|x64.ActiveCfg = Release|x64
		{08CD5113-6B03-479A-9649-CF5EE7681C2B}.Release|x64.Build.0 = Release|x64
		{08CD5113-6B03-479A-9649-CF5EE7681C2B}.Release|x86.ActiveCfg = Release|Win32
		{08CD5113-6B03-479A-9649-CF5EE7681C2B}.Release|x86.Build.0 = Release|Win32
		{7632B000-24FA-425F-A58E-A6249D71BAD4}.Debug|x64.ActiveCfg = Debug|x64
		{7632B000-24FA-425F-A58E-A6249D71BAD4}.Debug|x64.Build.0 = Debug|x64
		{7632B000-24FA-425F-A58E-A6249D71BAD4}.Debug|x86.ActiveCfg = Debug|Win32
		{7632B000-24FA-425F-A58E-A6249D71BAD4}.Debug|x86.Build.0 = Debug|Win32
		{7632B000-24FA-425F-A58E-A6249D71BAD4}.Release|x64.ActiveCfg = Release|x64
		{7632B000-24FA-425F-A58E-A6249D71BAD4}.Release|x64.Build.0 = Release|x64
		{7632B000-24FA-425F-A58E-A6249D71BAD4}.Release|x86.ActiveCfg = Release|Win32
		{7632B000-24FA-425F-A58E-A6249D71BAD4}.Release|x86.Build.0 = Release|Win32
		{59990FF9-A4ED-4C54-95CB-8A2B8DBA466B}.Debug|x64.ActiveCfg = Debug|x64
		{59990FF9-A4ED-4C54-95CB-8A2B8DBA466B}.Debug|x64.Build.0 = Debug|x64
		{59990FF9-A4ED-4C54-95CB-8A2B8DBA466B}.Debug|x86.ActiveCfg = Debug|Win32
		{59990FF9-A4ED-4C54-95CB-8A2B8DBA466B}.Debug|x86.Build.0 = Debug|Win32
		{59990FF9-A4ED-4C54-95CB-8A2B8DBA466B}.Release|x64.ActiveCfg = Release|x64
		{59990FF9-A4ED-4C54-95CB-8A2B8DBA466B}.Release|x64.Build.0 = Release|x64
		{59990FF9-A4ED-4C54-95CB-8A2B8DBA466B}.Release|x86.ActiveCfg = Release|Win32
		{59990FF9-A4ED-4C54-95CB-8A2B8DBA466B}.Release|x86.Build.0 = Release|Win32
		{0E826F14-B120-497B-B5E6-22D5112EBA91}.Debug|x64.ActiveCfg = Debug|x64
		{0E826F14-B120-497B-B5E6-22D5112EBA91}.Debug|x64.Build.0 = Debug|x64
		{0E826F14-B120-497B-B5E6-22D5112EBA91}.Debug|x86.ActiveCfg = Debug|Win32
		{0E826F14-B120-497B-B5E6-22D5112EBA91}.Debug|x86.Build.0 = Debug|Win32
		{0E826F14-B120-497B-B5E6-22D5112EBA91}.Release|x64.ActiveCfg = Release|x64
		{0E826F14-B120-497B-B5E6-22D5112EBA91}.Release|x64.Build.0 = Release|x64
		{0E826F14-B120-497B-B5E6-22D5112EBA91}.Release|x86.ActiveCfg = Release|Win32
		{0E826F14-B120-497B-B5E6-22D5112EBA91}.Release|x86.Build.0 = Release|Win32
		{7E390967-D674-46D0-9165-579E78DC7CDA}.Debug|x64.ActiveCfg = Debug|x64
		{7E390967-D674-46D0-9165-579E78DC7CDA}.Debug|x64.Build.0 = Debug|x64
		{7E390967-D674-46D0-9165-579E78DC7CDA}.Debug|x86.ActiveCfg = Debug|Win32
		{7E390967-D674-46D0-9165-579E78DC7CDA}.Debug|x86.Build.0 = Debug|Win32
		{7E390967-D674-46D0-9165-579E78DC7CDA}.Release|x64.ActiveCfg = Release|x64
		{7E390967-D674-46D0-9165-579E78DC7CDA}.Release|x64.Build.0 = Release|x64
		{7E390967-D674-46D0-9165-579E78DC7CDA}.Release|x86.ActiveCfg = Release|Win32
		{7E390967-D674-46D0-9165-579E78DC7CDA}.Release|x86.Build.0 = Release|Win32
		{244F08B1-CE10-4040-B3B4-AAB7C30B241F}.Debug|x64.ActiveCfg = Debug|x64
		{244F08B1-CE10-4040-B3B4-AAB7C30B241F}.Debug|x64.Build.0 = Debug|x64
		{244F08B1-CE10-4040-B3B4-AAB7C30B241F}.Debug|x86.ActiveCfg = Debug|Win32
		{244F08B1-CE10-4040-B3B4-AAB7C30B241F}.Debug|x86.Build.0 = Debug|Win32
		{244F08B1-CE10-4040-B3B4-AAB7C30B241F}.Release|x64.ActiveCfg = Release|x64
		{244F08B1-CE10-4040-B3B4-AAB7C30B241F}.Release|x64.Build.0 = Release|x64
		{244F08B1-CE10-4040-B3B4-AAB7C30B241F}.Release|x86.ActiveCfg = Release|Win32
		{244F08B1-CE10-4040-B3B4-AAB7C30B241F}.Release|x86.Build.0 = Release|Win32
		{E7A08BE3-F223-49E4-96FB-1C2D89F4E841}.Debug|x64.ActiveCfg = Debug|x64
		{E7A08BE3-F223-49E4-96FB-1C2D89F4E841}.Debug|x64.Build.0 = Debug|x64
		{E7A08BE3-F223-49E4-96FB-1C2D89F4E841}.Debug|x86.ActiveCfg = Debug|Win32
		{E7A08BE3-F223-49E4-96FB-1C2D89F4E841}.Debug|x86.Build.0 = Debug|Win32
		{E7A08BE3-F223-49E4-96FB-1C2D89F4E841}.Release|x64.ActiveCfg = Release|x64
		{E7A08BE3-F223-49E4-96FB-1C2D89F4E841}.Release|x64.Build.0 = Release|x64
		{E7A08BE3-F223-49E4-96FB-1C2D89F4E841}.Release|x86.ActiveCfg = Release|Win32
		{E7A08BE3-F223-49E4-96FB-1C2D89F4E841}.Release|x86.Build.0 = Release|Win32
	EndGlobalSection
	GlobalSection(SolutionProperties) = preSolution
		HideSolutionNode = FALSE
	EndGlobalSection
	GlobalSection(ExtensibilityGlobals) = postSolution
		SolutionGuid = {7C1CCC8E-700A-48D9-84DE-AC21E56897BF}
	EndGlobalSection
EndGlobal
